// !$*UTF8*$!
{
	archiveVersion = 1;
	classes = {
	};
	objectVersion = 77;
	objects = {

/* Begin PBXBuildFile section */
		639395B52EBCA17E00A70F09 /* PopupView in Frameworks */ = {isa = PBXBuildFile; productRef = 639395B42EBCA17E00A70F09 /* PopupView */; };
		63A1C9DA2EBCAB4100DB1141 /* Urbanist-Light.ttf in Resources */ = {isa = PBXBuildFile; fileRef = 63A1C9D52EBCAB4100DB1141 /* Urbanist-Light.ttf */; };
		63A1C9DB2EBCAB4100DB1141 /* Urbanist-Thin.ttf in Resources */ = {isa = PBXBuildFile; fileRef = 63A1C9D92EBCAB4100DB1141 /* Urbanist-Thin.ttf */; };
		63A1C9DC2EBCAB4100DB1141 /* Urbanist-Medium.ttf in Resources */ = {isa = PBXBuildFile; fileRef = 63A1C9D62EBCAB4100DB1141 /* Urbanist-Medium.ttf */; };
		63A1C9DD2EBCAB4100DB1141 /* Urbanist-Bold.ttf in Resources */ = {isa = PBXBuildFile; fileRef = 63A1C9D42EBCAB4100DB1141 /* Urbanist-Bold.ttf */; };
		63A1C9DE2EBCAB4100DB1141 /* Urbanist-SemiBold.ttf in Resources */ = {isa = PBXBuildFile; fileRef = 63A1C9D82EBCAB4100DB1141 /* Urbanist-SemiBold.ttf */; };
		63A1C9DF2EBCAB4100DB1141 /* Urbanist-Regular.ttf in Resources */ = {isa = PBXBuildFile; fileRef = 63A1C9D72EBCAB4100DB1141 /* Urbanist-Regular.ttf */; };
		63A1C9E02EBCAB4100DB1141 /* Urbanist-Black.ttf in Resources */ = {isa = PBXBuildFile; fileRef = 63A1C9D32EBCAB4100DB1141 /* Urbanist-Black.ttf */; };
		63CA39CF2EBDA8A100BA14DC /* ConfettiSwiftUI in Frameworks */ = {isa = PBXBuildFile; productRef = 63CA39CE2EBDA8A100BA14DC /* ConfettiSwiftUI */; };
		63CA39D22EBDA8D700BA14DC /* Shimmer in Frameworks */ = {isa = PBXBuildFile; productRef = 63CA39D12EBDA8D700BA14DC /* Shimmer */; };
/* End PBXBuildFile section */

/* Begin PBXContainerItemProxy section */
		63B2D7032EBC558500D6B594 /* PBXContainerItemProxy */ = {
			isa = PBXContainerItemProxy;
			containerPortal = 63B2D6ED2EBC558200D6B594 /* Project object */;
			proxyType = 1;
			remoteGlobalIDString = 63B2D6F42EBC558200D6B594;
			remoteInfo = BunkBite;
		};
		63B2D70D2EBC558500D6B594 /* PBXContainerItemProxy */ = {
			isa = PBXContainerItemProxy;
			containerPortal = 63B2D6ED2EBC558200D6B594 /* Project object */;
			proxyType = 1;
			remoteGlobalIDString = 63B2D6F42EBC558200D6B594;
			remoteInfo = BunkBite;
		};
/* End PBXContainerItemProxy section */

/* Begin PBXFileReference section */
		029D3BE8FA350A16D6C6142B /* Pods-BunkBite-BunkBiteUITests.debug.xcconfig */ = {isa = PBXFileReference; includeInIndex = 1; lastKnownFileType = text.xcconfig; name = "Pods-BunkBite-BunkBiteUITests.debug.xcconfig"; path = "Target Support Files/Pods-BunkBite-BunkBiteUITests/Pods-BunkBite-BunkBiteUITests.debug.xcconfig"; sourceTree = "<group>"; };
		111EA4EE80A0F67D49C0182B /* Pods-BunkBite-BunkBiteUITests.release.xcconfig */ = {isa = PBXFileReference; includeInIndex = 1; lastKnownFileType = text.xcconfig; name = "Pods-BunkBite-BunkBiteUITests.release.xcconfig"; path = "Target Support Files/Pods-BunkBite-BunkBiteUITests/Pods-BunkBite-BunkBiteUITests.release.xcconfig"; sourceTree = "<group>"; };
		145CD7AAEE5F90F5F0233DCE /* Pods-BunkBiteTests.release.xcconfig */ = {isa = PBXFileReference; includeInIndex = 1; lastKnownFileType = text.xcconfig; name = "Pods-BunkBiteTests.release.xcconfig"; path = "Target Support Files/Pods-BunkBiteTests/Pods-BunkBiteTests.release.xcconfig"; sourceTree = "<group>"; };
		45D881B0C0101887A4BCD5AC /* Pods-BunkBiteTests.debug.xcconfig */ = {isa = PBXFileReference; includeInIndex = 1; lastKnownFileType = text.xcconfig; name = "Pods-BunkBiteTests.debug.xcconfig"; path = "Target Support Files/Pods-BunkBiteTests/Pods-BunkBiteTests.debug.xcconfig"; sourceTree = "<group>"; };
		63A1C9D32EBCAB4100DB1141 /* Urbanist-Black.ttf */ = {isa = PBXFileReference; lastKnownFileType = file; path = "Urbanist-Black.ttf"; sourceTree = "<group>"; };
		63A1C9D42EBCAB4100DB1141 /* Urbanist-Bold.ttf */ = {isa = PBXFileReference; lastKnownFileType = file; path = "Urbanist-Bold.ttf"; sourceTree = "<group>"; };
		63A1C9D52EBCAB4100DB1141 /* Urbanist-Light.ttf */ = {isa = PBXFileReference; lastKnownFileType = file; path = "Urbanist-Light.ttf"; sourceTree = "<group>"; };
		63A1C9D62EBCAB4100DB1141 /* Urbanist-Medium.ttf */ = {isa = PBXFileReference; lastKnownFileType = file; path = "Urbanist-Medium.ttf"; sourceTree = "<group>"; };
		63A1C9D72EBCAB4100DB1141 /* Urbanist-Regular.ttf */ = {isa = PBXFileReference; lastKnownFileType = file; path = "Urbanist-Regular.ttf"; sourceTree = "<group>"; };
		63A1C9D82EBCAB4100DB1141 /* Urbanist-SemiBold.ttf */ = {isa = PBXFileReference; lastKnownFileType = file; path = "Urbanist-SemiBold.ttf"; sourceTree = "<group>"; };
		63A1C9D92EBCAB4100DB1141 /* Urbanist-Thin.ttf */ = {isa = PBXFileReference; lastKnownFileType = file; path = "Urbanist-Thin.ttf"; sourceTree = "<group>"; };
		63B2D6F52EBC558200D6B594 /* BunkBite.app */ = {isa = PBXFileReference; explicitFileType = wrapper.application; includeInIndex = 0; path = BunkBite.app; sourceTree = BUILT_PRODUCTS_DIR; };
		63B2D7022EBC558500D6B594 /* BunkBiteTests.xctest */ = {isa = PBXFileReference; explicitFileType = wrapper.cfbundle; includeInIndex = 0; path = BunkBiteTests.xctest; sourceTree = BUILT_PRODUCTS_DIR; };
		63B2D70C2EBC558500D6B594 /* BunkBiteUITests.xctest */ = {isa = PBXFileReference; explicitFileType = wrapper.cfbundle; includeInIndex = 0; path = BunkBiteUITests.xctest; sourceTree = BUILT_PRODUCTS_DIR; };
		A8E87F29940F4775DD5E7059 /* Pods-BunkBite.release.xcconfig */ = {isa = PBXFileReference; includeInIndex = 1; lastKnownFileType = text.xcconfig; name = "Pods-BunkBite.release.xcconfig"; path = "Target Support Files/Pods-BunkBite/Pods-BunkBite.release.xcconfig"; sourceTree = "<group>"; };
		F99EBE3B1E602B52E8CB74E4 /* Pods-BunkBite.debug.xcconfig */ = {isa = PBXFileReference; includeInIndex = 1; lastKnownFileType = text.xcconfig; name = "Pods-BunkBite.debug.xcconfig"; path = "Target Support Files/Pods-BunkBite/Pods-BunkBite.debug.xcconfig"; sourceTree = "<group>"; };
/* End PBXFileReference section */

/* Begin PBXFileSystemSynchronizedBuildFileExceptionSet section */
		63B2D74B2EBC5C2900D6B594 /* Exceptions for "BunkBite" folder in "BunkBite" target */ = {
			isa = PBXFileSystemSynchronizedBuildFileExceptionSet;
			membershipExceptions = (
				Info.plist,
			);
			target = 63B2D6F42EBC558200D6B594 /* BunkBite */;
		};
/* End PBXFileSystemSynchronizedBuildFileExceptionSet section */

/* Begin PBXFileSystemSynchronizedRootGroup section */
		63B2D6F72EBC558200D6B594 /* BunkBite */ = {
			isa = PBXFileSystemSynchronizedRootGroup;
			exceptions = (
				63B2D74B2EBC5C2900D6B594 /* Exceptions for "BunkBite" folder in "BunkBite" target */,
			);
			path = BunkBite;
			sourceTree = "<group>";
		};
		63B2D7052EBC558500D6B594 /* BunkBiteTests */ = {
			isa = PBXFileSystemSynchronizedRootGroup;
			path = BunkBiteTests;
			sourceTree = "<group>";
		};
		63B2D70F2EBC558500D6B594 /* BunkBiteUITests */ = {
			isa = PBXFileSystemSynchronizedRootGroup;
			path = BunkBiteUITests;
			sourceTree = "<group>";
		};
/* End PBXFileSystemSynchronizedRootGroup section */

/* Begin PBXFrameworksBuildPhase section */
		63B2D6F22EBC558200D6B594 /* Frameworks */ = {
			isa = PBXFrameworksBuildPhase;
			buildActionMask = 2147483647;
			files = (
				63CA39D22EBDA8D700BA14DC /* Shimmer in Frameworks */,
				63CA39CF2EBDA8A100BA14DC /* ConfettiSwiftUI in Frameworks */,
				639395B52EBCA17E00A70F09 /* PopupView in Frameworks */,
			);
			runOnlyForDeploymentPostprocessing = 0;
		};
		63B2D6FF2EBC558500D6B594 /* Frameworks */ = {
			isa = PBXFrameworksBuildPhase;
			buildActionMask = 2147483647;
			files = (
			);
			runOnlyForDeploymentPostprocessing = 0;
		};
		63B2D7092EBC558500D6B594 /* Frameworks */ = {
			isa = PBXFrameworksBuildPhase;
			buildActionMask = 2147483647;
			files = (
			);
			runOnlyForDeploymentPostprocessing = 0;
		};
/* End PBXFrameworksBuildPhase section */

/* Begin PBXGroup section */
		516F5E9C226F2FEE59C7CE50 /* Pods */ = {
			isa = PBXGroup;
			children = (
				F99EBE3B1E602B52E8CB74E4 /* Pods-BunkBite.debug.xcconfig */,
				A8E87F29940F4775DD5E7059 /* Pods-BunkBite.release.xcconfig */,
				029D3BE8FA350A16D6C6142B /* Pods-BunkBite-BunkBiteUITests.debug.xcconfig */,
				111EA4EE80A0F67D49C0182B /* Pods-BunkBite-BunkBiteUITests.release.xcconfig */,
				45D881B0C0101887A4BCD5AC /* Pods-BunkBiteTests.debug.xcconfig */,
				145CD7AAEE5F90F5F0233DCE /* Pods-BunkBiteTests.release.xcconfig */,
			);
			path = Pods;
			sourceTree = "<group>";
		};
		63A1C9D22EBCAADB00DB1141 /* fonts */ = {
			isa = PBXGroup;
			children = (
				63A1C9D32EBCAB4100DB1141 /* Urbanist-Black.ttf */,
				63A1C9D42EBCAB4100DB1141 /* Urbanist-Bold.ttf */,
				63A1C9D52EBCAB4100DB1141 /* Urbanist-Light.ttf */,
				63A1C9D62EBCAB4100DB1141 /* Urbanist-Medium.ttf */,
				63A1C9D72EBCAB4100DB1141 /* Urbanist-Regular.ttf */,
				63A1C9D82EBCAB4100DB1141 /* Urbanist-SemiBold.ttf */,
				63A1C9D92EBCAB4100DB1141 /* Urbanist-Thin.ttf */,
			);
			path = fonts;
			sourceTree = "<group>";
		};
		63B2D6EC2EBC558200D6B594 = {
			isa = PBXGroup;
			children = (
				63A1C9D22EBCAADB00DB1141 /* fonts */,
				63B2D6F72EBC558200D6B594 /* BunkBite */,
				63B2D7052EBC558500D6B594 /* BunkBiteTests */,
				63B2D70F2EBC558500D6B594 /* BunkBiteUITests */,
				63B2D6F62EBC558200D6B594 /* Products */,
				516F5E9C226F2FEE59C7CE50 /* Pods */,
				A105DC9E1FFF4F02D86F3070 /* Frameworks */,
			);
			sourceTree = "<group>";
		};
		63B2D6F62EBC558200D6B594 /* Products */ = {
			isa = PBXGroup;
			children = (
				63B2D6F52EBC558200D6B594 /* BunkBite.app */,
				63B2D7022EBC558500D6B594 /* BunkBiteTests.xctest */,
				63B2D70C2EBC558500D6B594 /* BunkBiteUITests.xctest */,
			);
			name = Products;
			sourceTree = "<group>";
		};
		A105DC9E1FFF4F02D86F3070 /* Frameworks */ = {
			isa = PBXGroup;
			children = (
			);
			name = Frameworks;
			sourceTree = "<group>";
		};
/* End PBXGroup section */

/* Begin PBXNativeTarget section */
		63B2D6F42EBC558200D6B594 /* BunkBite */ = {
			isa = PBXNativeTarget;
			buildConfigurationList = 63B2D7162EBC558500D6B594 /* Build configuration list for PBXNativeTarget "BunkBite" */;
			buildPhases = (
				63B2D6F12EBC558200D6B594 /* Sources */,
				63B2D6F22EBC558200D6B594 /* Frameworks */,
				63B2D6F32EBC558200D6B594 /* Resources */,
			);
			buildRules = (
			);
			dependencies = (
			);
			fileSystemSynchronizedGroups = (
				63B2D6F72EBC558200D6B594 /* BunkBite */,
			);
			name = BunkBite;
			packageProductDependencies = (
				639395B42EBCA17E00A70F09 /* PopupView */,
				63CA39CE2EBDA8A100BA14DC /* ConfettiSwiftUI */,
				63CA39D12EBDA8D700BA14DC /* Shimmer */,
			);
			productName = BunkBite;
			productReference = 63B2D6F52EBC558200D6B594 /* BunkBite.app */;
			productType = "com.apple.product-type.application";
		};
		63B2D7012EBC558500D6B594 /* BunkBiteTests */ = {
			isa = PBXNativeTarget;
			buildConfigurationList = 63B2D7192EBC558500D6B594 /* Build configuration list for PBXNativeTarget "BunkBiteTests" */;
			buildPhases = (
				63B2D6FE2EBC558500D6B594 /* Sources */,
				63B2D6FF2EBC558500D6B594 /* Frameworks */,
				63B2D7002EBC558500D6B594 /* Resources */,
			);
			buildRules = (
			);
			dependencies = (
				63B2D7042EBC558500D6B594 /* PBXTargetDependency */,
			);
			fileSystemSynchronizedGroups = (
				63B2D7052EBC558500D6B594 /* BunkBiteTests */,
			);
			name = BunkBiteTests;
			productName = BunkBiteTests;
			productReference = 63B2D7022EBC558500D6B594 /* BunkBiteTests.xctest */;
			productType = "com.apple.product-type.bundle.unit-test";
		};
		63B2D70B2EBC558500D6B594 /* BunkBiteUITests */ = {
			isa = PBXNativeTarget;
			buildConfigurationList = 63B2D71C2EBC558500D6B594 /* Build configuration list for PBXNativeTarget "BunkBiteUITests" */;
			buildPhases = (
				63B2D7082EBC558500D6B594 /* Sources */,
				63B2D7092EBC558500D6B594 /* Frameworks */,
				63B2D70A2EBC558500D6B594 /* Resources */,
			);
			buildRules = (
			);
			dependencies = (
				63B2D70E2EBC558500D6B594 /* PBXTargetDependency */,
			);
			fileSystemSynchronizedGroups = (
				63B2D70F2EBC558500D6B594 /* BunkBiteUITests */,
			);
			name = BunkBiteUITests;
			productName = BunkBiteUITests;
			productReference = 63B2D70C2EBC558500D6B594 /* BunkBiteUITests.xctest */;
			productType = "com.apple.product-type.bundle.ui-testing";
		};
/* End PBXNativeTarget section */

/* Begin PBXProject section */
		63B2D6ED2EBC558200D6B594 /* Project object */ = {
			isa = PBXProject;
			attributes = {
				BuildIndependentTargetsInParallel = 1;
				LastSwiftUpdateCheck = 2600;
				LastUpgradeCheck = 2600;
				TargetAttributes = {
					63B2D6F42EBC558200D6B594 = {
						CreatedOnToolsVersion = 26.0.1;
					};
					63B2D7012EBC558500D6B594 = {
						CreatedOnToolsVersion = 26.0.1;
						TestTargetID = 63B2D6F42EBC558200D6B594;
					};
					63B2D70B2EBC558500D6B594 = {
						CreatedOnToolsVersion = 26.0.1;
						TestTargetID = 63B2D6F42EBC558200D6B594;
					};
				};
			};
			buildConfigurationList = 63B2D6F02EBC558200D6B594 /* Build configuration list for PBXProject "BunkBite" */;
			developmentRegion = en;
			hasScannedForEncodings = 0;
			knownRegions = (
				en,
				Base,
			);
			mainGroup = 63B2D6EC2EBC558200D6B594;
			minimizedProjectReferenceProxies = 1;
			packageReferences = (
				639395B32EBCA17E00A70F09 /* XCRemoteSwiftPackageReference "PopupView" */,
				63CA39CD2EBDA8A100BA14DC /* XCRemoteSwiftPackageReference "ConfettiSwiftUI" */,
				63CA39D02EBDA8D700BA14DC /* XCRemoteSwiftPackageReference "SwiftUI-Shimmer" */,
			);
			preferredProjectObjectVersion = 77;
			productRefGroup = 63B2D6F62EBC558200D6B594 /* Products */;
			projectDirPath = "";
			projectRoot = "";
			targets = (
				63B2D6F42EBC558200D6B594 /* BunkBite */,
				63B2D7012EBC558500D6B594 /* BunkBiteTests */,
				63B2D70B2EBC558500D6B594 /* BunkBiteUITests */,
			);
		};
/* End PBXProject section */

/* Begin PBXResourcesBuildPhase section */
		63B2D6F32EBC558200D6B594 /* Resources */ = {
			isa = PBXResourcesBuildPhase;
			buildActionMask = 2147483647;
			files = (
				63A1C9DA2EBCAB4100DB1141 /* Urbanist-Light.ttf in Resources */,
				63A1C9DB2EBCAB4100DB1141 /* Urbanist-Thin.ttf in Resources */,
				63A1C9DC2EBCAB4100DB1141 /* Urbanist-Medium.ttf in Resources */,
				63A1C9DD2EBCAB4100DB1141 /* Urbanist-Bold.ttf in Resources */,
				63A1C9DE2EBCAB4100DB1141 /* Urbanist-SemiBold.ttf in Resources */,
				63A1C9DF2EBCAB4100DB1141 /* Urbanist-Regular.ttf in Resources */,
				63A1C9E02EBCAB4100DB1141 /* Urbanist-Black.ttf in Resources */,
			);
			runOnlyForDeploymentPostprocessing = 0;
		};
		63B2D7002EBC558500D6B594 /* Resources */ = {
			isa = PBXResourcesBuildPhase;
			buildActionMask = 2147483647;
			files = (
			);
			runOnlyForDeploymentPostprocessing = 0;
		};
		63B2D70A2EBC558500D6B594 /* Resources */ = {
			isa = PBXResourcesBuildPhase;
			buildActionMask = 2147483647;
			files = (
			);
			runOnlyForDeploymentPostprocessing = 0;
		};
/* End PBXResourcesBuildPhase section */

/* Begin PBXSourcesBuildPhase section */
		63B2D6F12EBC558200D6B594 /* Sources */ = {
			isa = PBXSourcesBuildPhase;
			buildActionMask = 2147483647;
			files = (
			);
			runOnlyForDeploymentPostprocessing = 0;
		};
		63B2D6FE2EBC558500D6B594 /* Sources */ = {
			isa = PBXSourcesBuildPhase;
			buildActionMask = 2147483647;
			files = (
			);
			runOnlyForDeploymentPostprocessing = 0;
		};
		63B2D7082EBC558500D6B594 /* Sources */ = {
			isa = PBXSourcesBuildPhase;
			buildActionMask = 2147483647;
			files = (
			);
			runOnlyForDeploymentPostprocessing = 0;
		};
/* End PBXSourcesBuildPhase section */

/* Begin PBXTargetDependency section */
		63B2D7042EBC558500D6B594 /* PBXTargetDependency */ = {
			isa = PBXTargetDependency;
			target = 63B2D6F42EBC558200D6B594 /* BunkBite */;
			targetProxy = 63B2D7032EBC558500D6B594 /* PBXContainerItemProxy */;
		};
		63B2D70E2EBC558500D6B594 /* PBXTargetDependency */ = {
			isa = PBXTargetDependency;
			target = 63B2D6F42EBC558200D6B594 /* BunkBite */;
			targetProxy = 63B2D70D2EBC558500D6B594 /* PBXContainerItemProxy */;
		};
/* End PBXTargetDependency section */

/* Begin XCBuildConfiguration section */
		63B2D7142EBC558500D6B594 /* Debug */ = {
			isa = XCBuildConfiguration;
			buildSettings = {
				ALWAYS_SEARCH_USER_PATHS = NO;
				ASSETCATALOG_COMPILER_GENERATE_SWIFT_ASSET_SYMBOL_EXTENSIONS = YES;
				CLANG_ANALYZER_NONNULL = YES;
				CLANG_ANALYZER_NUMBER_OBJECT_CONVERSION = YES_AGGRESSIVE;
				CLANG_CXX_LANGUAGE_STANDARD = "gnu++20";
				CLANG_ENABLE_MODULES = YES;
				CLANG_ENABLE_OBJC_ARC = YES;
				CLANG_ENABLE_OBJC_WEAK = YES;
				CLANG_WARN_BLOCK_CAPTURE_AUTORELEASING = YES;
				CLANG_WARN_BOOL_CONVERSION = YES;
				CLANG_WARN_COMMA = YES;
				CLANG_WARN_CONSTANT_CONVERSION = YES;
				CLANG_WARN_DEPRECATED_OBJC_IMPLEMENTATIONS = YES;
				CLANG_WARN_DIRECT_OBJC_ISA_USAGE = YES_ERROR;
				CLANG_WARN_DOCUMENTATION_COMMENTS = YES;
				CLANG_WARN_EMPTY_BODY = YES;
				CLANG_WARN_ENUM_CONVERSION = YES;
				CLANG_WARN_INFINITE_RECURSION = YES;
				CLANG_WARN_INT_CONVERSION = YES;
				CLANG_WARN_NON_LITERAL_NULL_CONVERSION = YES;
				CLANG_WARN_OBJC_IMPLICIT_RETAIN_SELF = YES;
				CLANG_WARN_OBJC_LITERAL_CONVERSION = YES;
				CLANG_WARN_OBJC_ROOT_CLASS = YES_ERROR;
				CLANG_WARN_QUOTED_INCLUDE_IN_FRAMEWORK_HEADER = YES;
				CLANG_WARN_RANGE_LOOP_ANALYSIS = YES;
				CLANG_WARN_STRICT_PROTOTYPES = YES;
				CLANG_WARN_SUSPICIOUS_MOVE = YES;
				CLANG_WARN_UNGUARDED_AVAILABILITY = YES_AGGRESSIVE;
				CLANG_WARN_UNREACHABLE_CODE = YES;
				CLANG_WARN__DUPLICATE_METHOD_MATCH = YES;
				COPY_PHASE_STRIP = NO;
				DEBUG_INFORMATION_FORMAT = dwarf;
				DEVELOPMENT_TEAM = 3S9PPRUG6U;
				ENABLE_STRICT_OBJC_MSGSEND = YES;
				ENABLE_TESTABILITY = YES;
				ENABLE_USER_SCRIPT_SANDBOXING = NO;
				GCC_C_LANGUAGE_STANDARD = gnu17;
				GCC_DYNAMIC_NO_PIC = NO;
				GCC_NO_COMMON_BLOCKS = YES;
				GCC_OPTIMIZATION_LEVEL = 0;
				GCC_PREPROCESSOR_DEFINITIONS = (
					"DEBUG=1",
					"$(inherited)",
				);
				GCC_WARN_64_TO_32_BIT_CONVERSION = YES;
				GCC_WARN_ABOUT_RETURN_TYPE = YES_ERROR;
				GCC_WARN_UNDECLARED_SELECTOR = YES;
				GCC_WARN_UNINITIALIZED_AUTOS = YES_AGGRESSIVE;
				GCC_WARN_UNUSED_FUNCTION = YES;
				GCC_WARN_UNUSED_VARIABLE = YES;
				IPHONEOS_DEPLOYMENT_TARGET = 18.0;
				LOCALIZATION_PREFERS_STRING_CATALOGS = YES;
				MTL_ENABLE_DEBUG_INFO = INCLUDE_SOURCE;
				MTL_FAST_MATH = YES;
				ONLY_ACTIVE_ARCH = YES;
				SDKROOT = iphoneos;
				SWIFT_ACTIVE_COMPILATION_CONDITIONS = "DEBUG $(inherited)";
				SWIFT_OPTIMIZATION_LEVEL = "-Onone";
			};
			name = Debug;
		};
		63B2D7152EBC558500D6B594 /* Release */ = {
			isa = XCBuildConfiguration;
			buildSettings = {
				ALWAYS_SEARCH_USER_PATHS = NO;
				ASSETCATALOG_COMPILER_GENERATE_SWIFT_ASSET_SYMBOL_EXTENSIONS = YES;
				CLANG_ANALYZER_NONNULL = YES;
				CLANG_ANALYZER_NUMBER_OBJECT_CONVERSION = YES_AGGRESSIVE;
				CLANG_CXX_LANGUAGE_STANDARD = "gnu++20";
				CLANG_ENABLE_MODULES = YES;
				CLANG_ENABLE_OBJC_ARC = YES;
				CLANG_ENABLE_OBJC_WEAK = YES;
				CLANG_WARN_BLOCK_CAPTURE_AUTORELEASING = YES;
				CLANG_WARN_BOOL_CONVERSION = YES;
				CLANG_WARN_COMMA = YES;
				CLANG_WARN_CONSTANT_CONVERSION = YES;
				CLANG_WARN_DEPRECATED_OBJC_IMPLEMENTATIONS = YES;
				CLANG_WARN_DIRECT_OBJC_ISA_USAGE = YES_ERROR;
				CLANG_WARN_DOCUMENTATION_COMMENTS = YES;
				CLANG_WARN_EMPTY_BODY = YES;
				CLANG_WARN_ENUM_CONVERSION = YES;
				CLANG_WARN_INFINITE_RECURSION = YES;
				CLANG_WARN_INT_CONVERSION = YES;
				CLANG_WARN_NON_LITERAL_NULL_CONVERSION = YES;
				CLANG_WARN_OBJC_IMPLICIT_RETAIN_SELF = YES;
				CLANG_WARN_OBJC_LITERAL_CONVERSION = YES;
				CLANG_WARN_OBJC_ROOT_CLASS = YES_ERROR;
				CLANG_WARN_QUOTED_INCLUDE_IN_FRAMEWORK_HEADER = YES;
				CLANG_WARN_RANGE_LOOP_ANALYSIS = YES;
				CLANG_WARN_STRICT_PROTOTYPES = YES;
				CLANG_WARN_SUSPICIOUS_MOVE = YES;
				CLANG_WARN_UNGUARDED_AVAILABILITY = YES_AGGRESSIVE;
				CLANG_WARN_UNREACHABLE_CODE = YES;
				CLANG_WARN__DUPLICATE_METHOD_MATCH = YES;
				COPY_PHASE_STRIP = NO;
				DEBUG_INFORMATION_FORMAT = "dwarf-with-dsym";
				DEVELOPMENT_TEAM = 3S9PPRUG6U;
				ENABLE_NS_ASSERTIONS = NO;
				ENABLE_STRICT_OBJC_MSGSEND = YES;
				ENABLE_USER_SCRIPT_SANDBOXING = NO;
				GCC_C_LANGUAGE_STANDARD = gnu17;
				GCC_NO_COMMON_BLOCKS = YES;
				GCC_WARN_64_TO_32_BIT_CONVERSION = YES;
				GCC_WARN_ABOUT_RETURN_TYPE = YES_ERROR;
				GCC_WARN_UNDECLARED_SELECTOR = YES;
				GCC_WARN_UNINITIALIZED_AUTOS = YES_AGGRESSIVE;
				GCC_WARN_UNUSED_FUNCTION = YES;
				GCC_WARN_UNUSED_VARIABLE = YES;
				IPHONEOS_DEPLOYMENT_TARGET = 18.0;
				LOCALIZATION_PREFERS_STRING_CATALOGS = YES;
				MTL_ENABLE_DEBUG_INFO = NO;
				MTL_FAST_MATH = YES;
				SDKROOT = iphoneos;
				SWIFT_COMPILATION_MODE = wholemodule;
				VALIDATE_PRODUCT = YES;
			};
			name = Release;
		};
		63B2D7172EBC558500D6B594 /* Debug */ = {
			isa = XCBuildConfiguration;
			buildSettings = {
				ASSETCATALOG_COMPILER_APPICON_NAME = AppIcon;
				ASSETCATALOG_COMPILER_GLOBAL_ACCENT_COLOR_NAME = AccentColor;
				CODE_SIGN_STYLE = Automatic;
				CURRENT_PROJECT_VERSION = 2;
				DEVELOPMENT_TEAM = 3BJDK999HQ;
				ENABLE_PREVIEWS = YES;
				GENERATE_INFOPLIST_FILE = YES;
				INFOPLIST_FILE = BunkBite/Info.plist;
				INFOPLIST_KEY_UIApplicationSceneManifest_Generation = YES;
				INFOPLIST_KEY_UIApplicationSupportsIndirectInputEvents = YES;
				INFOPLIST_KEY_UISupportedInterfaceOrientations = "UIInterfaceOrientationLandscapeLeft UIInterfaceOrientationLandscapeRight UIInterfaceOrientationPortrait";
				INFOPLIST_KEY_UISupportedInterfaceOrientations_iPad = "UIInterfaceOrientationLandscapeLeft UIInterfaceOrientationLandscapeRight UIInterfaceOrientationPortrait UIInterfaceOrientationPortraitUpsideDown";
				LD_RUNPATH_SEARCH_PATHS = (
					"$(inherited)",
					"@executable_path/Frameworks",
				);
				MARKETING_VERSION = 1.1;
				PRODUCT_BUNDLE_IDENTIFIER = com.shreyanshu.canteenapp;
				PRODUCT_NAME = "$(TARGET_NAME)";
				STRING_CATALOG_GENERATE_SYMBOLS = YES;
				SUPPORTED_PLATFORMS = "iphoneos iphonesimulator";
				SUPPORTS_MACCATALYST = NO;
				SUPPORTS_MAC_DESIGNED_FOR_IPHONE_IPAD = NO;
				SUPPORTS_XR_DESIGNED_FOR_IPHONE_IPAD = NO;
				SWIFT_APPROACHABLE_CONCURRENCY = YES;
				SWIFT_DEFAULT_ACTOR_ISOLATION = MainActor;
				SWIFT_EMIT_LOC_STRINGS = YES;
				SWIFT_UPCOMING_FEATURE_MEMBER_IMPORT_VISIBILITY = YES;
				SWIFT_VERSION = 5.0;
				TARGETED_DEVICE_FAMILY = 1;
			};
			name = Debug;
		};
		63B2D7182EBC558500D6B594 /* Release */ = {
			isa = XCBuildConfiguration;
			buildSettings = {
				ASSETCATALOG_COMPILER_APPICON_NAME = AppIcon;
				ASSETCATALOG_COMPILER_GLOBAL_ACCENT_COLOR_NAME = AccentColor;
				CODE_SIGN_STYLE = Automatic;
				CURRENT_PROJECT_VERSION = 2;
				DEVELOPMENT_TEAM = 3BJDK999HQ;
				ENABLE_PREVIEWS = YES;
				GENERATE_INFOPLIST_FILE = YES;
				INFOPLIST_FILE = BunkBite/Info.plist;
				INFOPLIST_KEY_UIApplicationSceneManifest_Generation = YES;
				INFOPLIST_KEY_UIApplicationSupportsIndirectInputEvents = YES;
				INFOPLIST_KEY_UISupportedInterfaceOrientations = "UIInterfaceOrientationLandscapeLeft UIInterfaceOrientationLandscapeRight UIInterfaceOrientationPortrait";
				INFOPLIST_KEY_UISupportedInterfaceOrientations_iPad = "UIInterfaceOrientationLandscapeLeft UIInterfaceOrientationLandscapeRight UIInterfaceOrientationPortrait UIInterfaceOrientationPortraitUpsideDown";
				LD_RUNPATH_SEARCH_PATHS = (
					"$(inherited)",
					"@executable_path/Frameworks",
				);
				MARKETING_VERSION = 1.1;
				PRODUCT_BUNDLE_IDENTIFIER = com.shreyanshu.canteenapp;
				PRODUCT_NAME = "$(TARGET_NAME)";
				STRING_CATALOG_GENERATE_SYMBOLS = YES;
				SUPPORTED_PLATFORMS = "iphoneos iphonesimulator";
				SUPPORTS_MACCATALYST = NO;
				SUPPORTS_MAC_DESIGNED_FOR_IPHONE_IPAD = NO;
				SUPPORTS_XR_DESIGNED_FOR_IPHONE_IPAD = NO;
				SWIFT_APPROACHABLE_CONCURRENCY = YES;
				SWIFT_DEFAULT_ACTOR_ISOLATION = MainActor;
				SWIFT_EMIT_LOC_STRINGS = YES;
				SWIFT_UPCOMING_FEATURE_MEMBER_IMPORT_VISIBILITY = YES;
				SWIFT_VERSION = 5.0;
				TARGETED_DEVICE_FAMILY = 1;
			};
			name = Release;
		};
		63B2D71A2EBC558500D6B594 /* Debug */ = {
			isa = XCBuildConfiguration;
			buildSettings = {
				BUNDLE_LOADER = "$(TEST_HOST)";
				CODE_SIGN_STYLE = Automatic;
				CURRENT_PROJECT_VERSION = 2;
				DEVELOPMENT_TEAM = 3S9PPRUG6U;
				GENERATE_INFOPLIST_FILE = YES;
				IPHONEOS_DEPLOYMENT_TARGET = 18.0;
				MARKETING_VERSION = 1.1;
				PRODUCT_BUNDLE_IDENTIFIER = canteen.BunkBiteTests;
				PRODUCT_NAME = "$(TARGET_NAME)";
				STRING_CATALOG_GENERATE_SYMBOLS = NO;
				SWIFT_APPROACHABLE_CONCURRENCY = YES;
				SWIFT_EMIT_LOC_STRINGS = NO;
				SWIFT_UPCOMING_FEATURE_MEMBER_IMPORT_VISIBILITY = YES;
				SWIFT_VERSION = 5.0;
				TARGETED_DEVICE_FAMILY = "1,2";
				TEST_HOST = "$(BUILT_PRODUCTS_DIR)/BunkBite.app/$(BUNDLE_EXECUTABLE_FOLDER_PATH)/BunkBite";
			};
			name = Debug;
		};
		63B2D71B2EBC558500D6B594 /* Release */ = {
			isa = XCBuildConfiguration;
			buildSettings = {
				BUNDLE_LOADER = "$(TEST_HOST)";
				CODE_SIGN_STYLE = Automatic;
				CURRENT_PROJECT_VERSION = 2;
				DEVELOPMENT_TEAM = 3S9PPRUG6U;
				GENERATE_INFOPLIST_FILE = YES;
				IPHONEOS_DEPLOYMENT_TARGET = 18.0;
				MARKETING_VERSION = 1.1;
				PRODUCT_BUNDLE_IDENTIFIER = canteen.BunkBiteTests;
				PRODUCT_NAME = "$(TARGET_NAME)";
				STRING_CATALOG_GENERATE_SYMBOLS = NO;
				SWIFT_APPROACHABLE_CONCURRENCY = YES;
				SWIFT_EMIT_LOC_STRINGS = NO;
				SWIFT_UPCOMING_FEATURE_MEMBER_IMPORT_VISIBILITY = YES;
				SWIFT_VERSION = 5.0;
				TARGETED_DEVICE_FAMILY = "1,2";
				TEST_HOST = "$(BUILT_PRODUCTS_DIR)/BunkBite.app/$(BUNDLE_EXECUTABLE_FOLDER_PATH)/BunkBite";
			};
			name = Release;
		};
		63B2D71D2EBC558500D6B594 /* Debug */ = {
			isa = XCBuildConfiguration;
			buildSettings = {
				CODE_SIGN_STYLE = Automatic;
				CURRENT_PROJECT_VERSION = 2;
				DEVELOPMENT_TEAM = 3S9PPRUG6U;
				GENERATE_INFOPLIST_FILE = YES;
				MARKETING_VERSION = 1.1;
				PRODUCT_BUNDLE_IDENTIFIER = canteen.BunkBiteUITests;
				PRODUCT_NAME = "$(TARGET_NAME)";
				STRING_CATALOG_GENERATE_SYMBOLS = NO;
				SWIFT_APPROACHABLE_CONCURRENCY = YES;
				SWIFT_EMIT_LOC_STRINGS = NO;
				SWIFT_UPCOMING_FEATURE_MEMBER_IMPORT_VISIBILITY = YES;
				SWIFT_VERSION = 5.0;
				TARGETED_DEVICE_FAMILY = "1,2";
				TEST_TARGET_NAME = BunkBite;
			};
			name = Debug;
		};
		63B2D71E2EBC558500D6B594 /* Release */ = {
			isa = XCBuildConfiguration;
			buildSettings = {
				CODE_SIGN_STYLE = Automatic;
				CURRENT_PROJECT_VERSION = 2;
				DEVELOPMENT_TEAM = 3S9PPRUG6U;
				GENERATE_INFOPLIST_FILE = YES;
				MARKETING_VERSION = 1.1;
				PRODUCT_BUNDLE_IDENTIFIER = canteen.BunkBiteUITests;
				PRODUCT_NAME = "$(TARGET_NAME)";
				STRING_CATALOG_GENERATE_SYMBOLS = NO;
				SWIFT_APPROACHABLE_CONCURRENCY = YES;
				SWIFT_EMIT_LOC_STRINGS = NO;
				SWIFT_UPCOMING_FEATURE_MEMBER_IMPORT_VISIBILITY = YES;
				SWIFT_VERSION = 5.0;
				TARGETED_DEVICE_FAMILY = "1,2";
				TEST_TARGET_NAME = BunkBite;
			};
			name = Release;
		};
/* End XCBuildConfiguration section */

/* Begin XCConfigurationList section */
		63B2D6F02EBC558200D6B594 /* Build configuration list for PBXProject "BunkBite" */ = {
			isa = XCConfigurationList;
			buildConfigurations = (
				63B2D7142EBC558500D6B594 /* Debug */,
				63B2D7152EBC558500D6B594 /* Release */,
			);
			defaultConfigurationIsVisible = 0;
			defaultConfigurationName = Release;
		};
		63B2D7162EBC558500D6B594 /* Build configuration list for PBXNativeTarget "BunkBite" */ = {
			isa = XCConfigurationList;
			buildConfigurations = (
				63B2D7172EBC558500D6B594 /* Debug */,
				63B2D7182EBC558500D6B594 /* Release */,
			);
			defaultConfigurationIsVisible = 0;
			defaultConfigurationName = Release;
		};
		63B2D7192EBC558500D6B594 /* Build configuration list for PBXNativeTarget "BunkBiteTests" */ = {
			isa = XCConfigurationList;
			buildConfigurations = (
				63B2D71A2EBC558500D6B594 /* Debug */,
				63B2D71B2EBC558500D6B594 /* Release */,
			);
			defaultConfigurationIsVisible = 0;
			defaultConfigurationName = Release;
		};
		63B2D71C2EBC558500D6B594 /* Build configuration list for PBXNativeTarget "BunkBiteUITests" */ = {
			isa = XCConfigurationList;
			buildConfigurations = (
				63B2D71D2EBC558500D6B594 /* Debug */,
				63B2D71E2EBC558500D6B594 /* Release */,
			);
			defaultConfigurationIsVisible = 0;
			defaultConfigurationName = Release;
		};
/* End XCConfigurationList section */

/* Begin XCRemoteSwiftPackageReference section */
		639395B32EBCA17E00A70F09 /* XCRemoteSwiftPackageReference "PopupView" */ = {
			isa = XCRemoteSwiftPackageReference;
			repositoryURL = "https://github.com/exyte/PopupView";
			requirement = {
				kind = upToNextMajorVersion;
				minimumVersion = 4.1.15;
			};
		};
		63CA39CD2EBDA8A100BA14DC /* XCRemoteSwiftPackageReference "ConfettiSwiftUI" */ = {
			isa = XCRemoteSwiftPackageReference;
			repositoryURL = "https://github.com/simibac/ConfettiSwiftUI";
			requirement = {
				kind = upToNextMajorVersion;
				minimumVersion = 2.0.3;
			};
		};
		63CA39D02EBDA8D700BA14DC /* XCRemoteSwiftPackageReference "SwiftUI-Shimmer" */ = {
			isa = XCRemoteSwiftPackageReference;
			repositoryURL = "https://github.com/markiv/SwiftUI-Shimmer";
			requirement = {
				kind = upToNextMajorVersion;
				minimumVersion = 1.5.1;
			};
		};
/* End XCRemoteSwiftPackageReference section */

/* Begin XCSwiftPackageProductDependency section */
		639395B42EBCA17E00A70F09 /* PopupView */ = {
			isa = XCSwiftPackageProductDependency;
			package = 639395B32EBCA17E00A70F09 /* XCRemoteSwiftPackageReference "PopupView" */;
			productName = PopupView;
		};
		63CA39CE2EBDA8A100BA14DC /* ConfettiSwiftUI */ = {
			isa = XCSwiftPackageProductDependency;
			package = 63CA39CD2EBDA8A100BA14DC /* XCRemoteSwiftPackageReference "ConfettiSwiftUI" */;
			productName = ConfettiSwiftUI;
		};
		63CA39D12EBDA8D700BA14DC /* Shimmer */ = {
			isa = XCSwiftPackageProductDependency;
			package = 63CA39D02EBDA8D700BA14DC /* XCRemoteSwiftPackageReference "SwiftUI-Shimmer" */;
			productName = Shimmer;
		};
/* End XCSwiftPackageProductDependency section */
	};
	rootObject = 63B2D6ED2EBC558200D6B594 /* Project object */;
}
